// !$*UTF8*$!
{
	archiveVersion = 1;
	classes = {
	};
	objectVersion = 46;
	objects = {

/* Begin PBXBuildFile section */
		14F290C01A1A547600B8D615 /* main.m in Sources */ = {isa = PBXBuildFile; fileRef = 14F290BF1A1A547600B8D615 /* main.m */; };
		14F290C31A1A547600B8D615 /* AppDelegate.m in Sources */ = {isa = PBXBuildFile; fileRef = 14F290C21A1A547600B8D615 /* AppDelegate.m */; };
		14F290C61A1A547600B8D615 /* ViewController.m in Sources */ = {isa = PBXBuildFile; fileRef = 14F290C51A1A547600B8D615 /* ViewController.m */; };
		14F290C91A1A547600B8D615 /* Main.storyboard in Resources */ = {isa = PBXBuildFile; fileRef = 14F290C71A1A547600B8D615 /* Main.storyboard */; };
		14F290CB1A1A547600B8D615 /* Images.xcassets in Resources */ = {isa = PBXBuildFile; fileRef = 14F290CA1A1A547600B8D615 /* Images.xcassets */; };
		14F290CE1A1A547600B8D615 /* LaunchScreen.xib in Resources */ = {isa = PBXBuildFile; fileRef = 14F290CC1A1A547600B8D615 /* LaunchScreen.xib */; };
		14F290DA1A1A547700B8D615 /* SignUpExampleTests.m in Sources */ = {isa = PBXBuildFile; fileRef = 14F290D91A1A547700B8D615 /* SignUpExampleTests.m */; };
/* End PBXBuildFile section */

/* Begin PBXContainerItemProxy section */
		14F290D41A1A547700B8D615 /* PBXContainerItemProxy */ = {
			isa = PBXContainerItemProxy;
			containerPortal = 14F290B21A1A547600B8D615 /* Project object */;
			proxyType = 1;
			remoteGlobalIDString = 14F290B91A1A547600B8D615;
			remoteInfo = SignUpExample;
		};
/* End PBXContainerItemProxy section */

/* Begin PBXFileReference section */
		14F290BA1A1A547600B8D615 /* SignUpExample.app */ = {isa = PBXFileReference; explicitFileType = wrapper.application; includeInIndex = 0; path = SignUpExample.app; sourceTree = BUILT_PRODUCTS_DIR; };
		14F290BE1A1A547600B8D615 /* Info.plist */ = {isa = PBXFileReference; lastKnownFileType = text.plist.xml; path = Info.plist; sourceTree = "<group>"; };
		14F290BF1A1A547600B8D615 /* main.m */ = {isa = PBXFileReference; lastKnownFileType = sourcecode.c.objc; path = main.m; sourceTree = "<group>"; };
		14F290C11A1A547600B8D615 /* AppDelegate.h */ = {isa = PBXFileReference; lastKnownFileType = sourcecode.c.h; path = AppDelegate.h; sourceTree = "<group>"; };
		14F290C21A1A547600B8D615 /* AppDelegate.m */ = {isa = PBXFileReference; lastKnownFileType = sourcecode.c.objc; path = AppDelegate.m; sourceTree = "<group>"; };
		14F290C41A1A547600B8D615 /* ViewController.h */ = {isa = PBXFileReference; lastKnownFileType = sourcecode.c.h; path = ViewController.h; sourceTree = "<group>"; };
		14F290C51A1A547600B8D615 /* ViewController.m */ = {isa = PBXFileReference; lastKnownFileType = sourcecode.c.objc; path = ViewController.m; sourceTree = "<group>"; };
		14F290C81A1A547600B8D615 /* Base */ = {isa = PBXFileReference; lastKnownFileType = file.storyboard; name = Base; path = Base.lproj/Main.storyboard; sourceTree = "<group>"; };
		14F290CA1A1A547600B8D615 /* Images.xcassets */ = {isa = PBXFileReference; lastKnownFileType = folder.assetcatalog; path = Images.xcassets; sourceTree = "<group>"; };
		14F290CD1A1A547600B8D615 /* Base */ = {isa = PBXFileReference; lastKnownFileType = file.xib; name = Base; path = Base.lproj/LaunchScreen.xib; sourceTree = "<group>"; };
		14F290D31A1A547700B8D615 /* SignUpExampleTests.xctest */ = {isa = PBXFileReference; explicitFileType = wrapper.cfbundle; includeInIndex = 0; path = SignUpExampleTests.xctest; sourceTree = BUILT_PRODUCTS_DIR; };
		14F290D81A1A547700B8D615 /* Info.plist */ = {isa = PBXFileReference; lastKnownFileType = text.plist.xml; path = Info.plist; sourceTree = "<group>"; };
		14F290D91A1A547700B8D615 /* SignUpExampleTests.m */ = {isa = PBXFileReference; lastKnownFileType = sourcecode.c.objc; path = SignUpExampleTests.m; sourceTree = "<group>"; };
/* End PBXFileReference section */

/* Begin PBXFrameworksBuildPhase section */
		14F290B71A1A547600B8D615 /* Frameworks */ = {
			isa = PBXFrameworksBuildPhase;
			buildActionMask = 2147483647;
			files = (
			);
			runOnlyForDeploymentPostprocessing = 0;
		};
		14F290D01A1A547700B8D615 /* Frameworks */ = {
			isa = PBXFrameworksBuildPhase;
			buildActionMask = 2147483647;
			files = (
			);
			runOnlyForDeploymentPostprocessing = 0;
		};
/* End PBXFrameworksBuildPhase section */

/* Begin PBXGroup section */
		14F290B11A1A547600B8D615 = {
			isa = PBXGroup;
			children = (
				14F290BC1A1A547600B8D615 /* SignUpExample */,
				14F290D61A1A547700B8D615 /* SignUpExampleTests */,
				14F290BB1A1A547600B8D615 /* Products */,
			);
			sourceTree = "<group>";
		};
		14F290BB1A1A547600B8D615 /* Products */ = {
			isa = PBXGroup;
			children = (
				14F290BA1A1A547600B8D615 /* SignUpExample.app */,
				14F290D31A1A547700B8D615 /* SignUpExampleTests.xctest */,
			);
			name = Products;
			sourceTree = "<group>";
		};
		14F290BC1A1A547600B8D615 /* SignUpExample */ = {
			isa = PBXGroup;
			children = (
				14F290C11A1A547600B8D615 /* AppDelegate.h */,
				14F290C21A1A547600B8D615 /* AppDelegate.m */,
				14F290C41A1A547600B8D615 /* ViewController.h */,
				14F290C51A1A547600B8D615 /* ViewController.m */,
				14F290C71A1A547600B8D615 /* Main.storyboard */,
				14F290CA1A1A547600B8D615 /* Images.xcassets */,
				14F290CC1A1A547600B8D615 /* LaunchScreen.xib */,
				14F290BD1A1A547600B8D615 /* Supporting Files */,
			);
			path = SignUpExample;
			sourceTree = "<group>";
		};
		14F290BD1A1A547600B8D615 /* Supporting Files */ = {
			isa = PBXGroup;
			children = (
				14F290BE1A1A547600B8D615 /* Info.plist */,
				14F290BF1A1A547600B8D615 /* main.m */,
			);
			name = "Supporting Files";
			sourceTree = "<group>";
		};
		14F290D61A1A547700B8D615 /* SignUpExampleTests */ = {
			isa = PBXGroup;
			children = (
				14F290D91A1A547700B8D615 /* SignUpExampleTests.m */,
				14F290D71A1A547700B8D615 /* Supporting Files */,
			);
			path = SignUpExampleTests;
			sourceTree = "<group>";
		};
		14F290D71A1A547700B8D615 /* Supporting Files */ = {
			isa = PBXGroup;
			children = (
				14F290D81A1A547700B8D615 /* Info.plist */,
			);
			name = "Supporting Files";
			sourceTree = "<group>";
		};
/* End PBXGroup section */

/* Begin PBXNativeTarget section */
		14F290B91A1A547600B8D615 /* SignUpExample */ = {
			isa = PBXNativeTarget;
			buildConfigurationList = 14F290DD1A1A547700B8D615 /* Build configuration list for PBXNativeTarget "SignUpExample" */;
			buildPhases = (
				14F290B61A1A547600B8D615 /* Sources */,
				14F290B71A1A547600B8D615 /* Frameworks */,
				14F290B81A1A547600B8D615 /* Resources */,
			);
			buildRules = (
			);
			dependencies = (
			);
			name = SignUpExample;
			productName = SignUpExample;
			productReference = 14F290BA1A1A547600B8D615 /* SignUpExample.app */;
			productType = "com.apple.product-type.application";
		};
		14F290D21A1A547700B8D615 /* SignUpExampleTests */ = {
			isa = PBXNativeTarget;
			buildConfigurationList = 14F290E01A1A547700B8D615 /* Build configuration list for PBXNativeTarget "SignUpExampleTests" */;
			buildPhases = (
				14F290CF1A1A547700B8D615 /* Sources */,
				14F290D01A1A547700B8D615 /* Frameworks */,
				14F290D11A1A547700B8D615 /* Resources */,
			);
			buildRules = (
			);
			dependencies = (
				14F290D51A1A547700B8D615 /* PBXTargetDependency */,
			);
			name = SignUpExampleTests;
			productName = SignUpExampleTests;
			productReference = 14F290D31A1A547700B8D615 /* SignUpExampleTests.xctest */;
			productType = "com.apple.product-type.bundle.unit-test";
		};
/* End PBXNativeTarget section */

/* Begin PBXProject section */
		14F290B21A1A547600B8D615 /* Project object */ = {
			isa = PBXProject;
			attributes = {
				LastUpgradeCheck = 0610;
				ORGANIZATIONNAME = Deepa;
				TargetAttributes = {
					14F290B91A1A547600B8D615 = {
						CreatedOnToolsVersion = 6.1;
					};
					14F290D21A1A547700B8D615 = {
						CreatedOnToolsVersion = 6.1;
						TestTargetID = 14F290B91A1A547600B8D615;
					};
				};
			};
			buildConfigurationList = 14F290B51A1A547600B8D615 /* Build configuration list for PBXProject "SignUpExample" */;
			compatibilityVersion = "Xcode 3.2";
			developmentRegion = English;
			hasScannedForEncodings = 0;
			knownRegions = (
				en,
				Base,
			);
			mainGroup = 14F290B11A1A547600B8D615;
			productRefGroup = 14F290BB1A1A547600B8D615 /* Products */;
			projectDirPath = "";
			projectRoot = "";
			targets = (
				14F290B91A1A547600B8D615 /* SignUpExample */,
				14F290D21A1A547700B8D615 /* SignUpExampleTests */,
			);
		};
/* End PBXProject section */

/* Begin PBXResourcesBuildPhase section */
		14F290B81A1A547600B8D615 /* Resources */ = {
			isa = PBXResourcesBuildPhase;
			buildActionMask = 2147483647;
			files = (
				14F290C91A1A547600B8D615 /* Main.storyboard in Resources */,
				14F290CE1A1A547600B8D615 /* LaunchScreen.xib in Resources */,
				14F290CB1A1A547600B8D615 /* Images.xcassets in Resources */,
			);
			runOnlyForDeploymentPostprocessing = 0;
		};
		14F290D11A1A547700B8D615 /* Resources */ = {
			isa = PBXResourcesBuildPhase;
			buildActionMask = 2147483647;
			files = (
			);
			runOnlyForDeploymentPostprocessing = 0;
		};
/* End PBXResourcesBuildPhase section */

/* Begin PBXSourcesBuildPhase section */
		14F290B61A1A547600B8D615 /* Sources */ = {
			isa = PBXSourcesBuildPhase;
			buildActionMask = 2147483647;
			files = (
				14F290C61A1A547600B8D615 /* ViewController.m in Sources */,
				14F290C31A1A547600B8D615 /* AppDelegate.m in Sources */,
				14F290C01A1A547600B8D615 /* main.m in Sources */,
			);
			runOnlyForDeploymentPostprocessing = 0;
		};
		14F290CF1A1A547700B8D615 /* Sources */ = {
			isa = PBXSourcesBuildPhase;
			buildActionMask = 2147483647;
			files = (
				14F290DA1A1A547700B8D615 /* SignUpExampleTests.m in Sources */,
			);
			runOnlyForDeploymentPostprocessing = 0;
		};
/* End PBXSourcesBuildPhase section */

/* Begin PBXTargetDependency section */
		14F290D51A1A547700B8D615 /* PBXTargetDependency */ = {
			isa = PBXTargetDependency;
			target = 14F290B91A1A547600B8D615 /* SignUpExample */;
			targetProxy = 14F290D41A1A547700B8D615 /* PBXContainerItemProxy */;
		};
/* End PBXTargetDependency section */

/* Begin PBXVariantGroup section */
		14F290C71A1A547600B8D615 /* Main.storyboard */ = {
			isa = PBXVariantGroup;
			children = (
				14F290C81A1A547600B8D615 /* Base */,
			);
			name = Main.storyboard;
			sourceTree = "<group>";
		};
		14F290CC1A1A547600B8D615 /* LaunchScreen.xib */ = {
			isa = PBXVariantGroup;
			children = (
				14F290CD1A1A547600B8D615 /* Base */,
			);
			name = LaunchScreen.xib;
			sourceTree = "<group>";
		};
/* End PBXVariantGroup section */

/* Begin XCBuildConfiguration section */
		14F290DB1A1A547700B8D615 /* Debug */ = {
			isa = XCBuildConfiguration;
			buildSettings = {
				ALWAYS_SEARCH_USER_PATHS = NO;
				CLANG_CXX_LANGUAGE_STANDARD = "gnu++0x";
				CLANG_CXX_LIBRARY = "libc++";
				CLANG_ENABLE_MODULES = YES;
				CLANG_ENABLE_OBJC_ARC = YES;
				CLANG_WARN_BOOL_CONVERSION = YES;
				CLANG_WARN_CONSTANT_CONVERSION = YES;
				CLANG_WARN_DIRECT_OBJC_ISA_USAGE = YES_ERROR;
				CLANG_WARN_EMPTY_BODY = YES;
				CLANG_WARN_ENUM_CONVERSION = YES;
				CLANG_WARN_INT_CONVERSION = YES;
				CLANG_WARN_OBJC_ROOT_CLASS = YES_ERROR;
				CLANG_WARN_UNREACHABLE_CODE = YES;
				CLANG_WARN__DUPLICATE_METHOD_MATCH = YES;
				"CODE_SIGN_IDENTITY[sdk=iphoneos*]" = "iPhone Developer";
				COPY_PHASE_STRIP = NO;
				ENABLE_STRICT_OBJC_MSGSEND = YES;
				GCC_C_LANGUAGE_STANDARD = gnu99;
				GCC_DYNAMIC_NO_PIC = NO;
				GCC_OPTIMIZATION_LEVEL = 0;
				GCC_PREPROCESSOR_DEFINITIONS = (
					"DEBUG=1",
					"$(inherited)",
				);
				GCC_SYMBOLS_PRIVATE_EXTERN = NO;
				GCC_WARN_64_TO_32_BIT_CONVERSION = YES;
				GCC_WARN_ABOUT_RETURN_TYPE = YES_ERROR;
				GCC_WARN_UNDECLARED_SELECTOR = YES;
				GCC_WARN_UNINITIALIZED_AUTOS = YES_AGGRESSIVE;
				GCC_WARN_UNUSED_FUNCTION = YES;
				GCC_WARN_UNUSED_VARIABLE = YES;
				IPHONEOS_DEPLOYMENT_TARGET = 8.1;
				MTL_ENABLE_DEBUG_INFO = YES;
				ONLY_ACTIVE_ARCH = YES;
				SDKROOT = iphoneos;
			};
			name = Debug;
		};
		14F290DC1A1A547700B8D615 /* Release */ = {
			isa = XCBuildConfiguration;
			buildSettings = {
				ALWAYS_SEARCH_USER_PATHS = NO;
				CLANG_CXX_LANGUAGE_STANDARD = "gnu++0x";
				CLANG_CXX_LIBRARY = "libc++";
				CLANG_ENABLE_MODULES = YES;
				CLANG_ENABLE_OBJC_ARC = YES;
				CLANG_WARN_BOOL_CONVERSION = YES;
				CLANG_WARN_CONSTANT_CONVERSION = YES;
				CLANG_WARN_DIRECT_OBJC_ISA_USAGE = YES_ERROR;
				CLANG_WARN_EMPTY_BODY = YES;
				CLANG_WARN_ENUM_CONVERSION = YES;
				CLANG_WARN_INT_CONVERSION = YES;
				CLANG_WARN_OBJC_ROOT_CLASS = YES_ERROR;
				CLANG_WARN_UNREACHABLE_CODE = YES;
				CLANG_WARN__DUPLICATE_METHOD_MATCH = YES;
				"CODE_SIGN_IDENTITY[sdk=iphoneos*]" = "iPhone Developer";
				COPY_PHASE_STRIP = YES;
				ENABLE_NS_ASSERTIONS = NO;
				ENABLE_STRICT_OBJC_MSGSEND = YES;
				GCC_C_LANGUAGE_STANDARD = gnu99;
				GCC_WARN_64_TO_32_BIT_CONVERSION = YES;
				GCC_WARN_ABOUT_RETURN_TYPE = YES_ERROR;
				GCC_WARN_UNDECLARED_SELECTOR = YES;
				GCC_WARN_UNINITIALIZED_AUTOS = YES_AGGRESSIVE;
				GCC_WARN_UNUSED_FUNCTION = YES;
				GCC_WARN_UNUSED_VARIABLE = YES;
				IPHONEOS_DEPLOYMENT_TARGET = 8.1;
				MTL_ENABLE_DEBUG_INFO = NO;
				SDKROOT = iphoneos;
				VALIDATE_PRODUCT = YES;
			};
			name = Release;
		};
		14F290DE1A1A547700B8D615 /* Debug */ = {
			isa = XCBuildConfiguration;
			buildSettings = {
				ASSETCATALOG_COMPILER_APPICON_NAME = AppIcon;
				INFOPLIST_FILE = SignUpExample/Info.plist;
				LD_RUNPATH_SEARCH_PATHS = "$(inherited) @executable_path/Frameworks";
				PRODUCT_NAME = "$(TARGET_NAME)";
			};
			name = Debug;
		};
		14F290DF1A1A547700B8D615 /* Release */ = {
			isa = XCBuildConfiguration;
			buildSettings = {
				ASSETCATALOG_COMPILER_APPICON_NAME = AppIcon;
				INFOPLIST_FILE = SignUpExample/Info.plist;
				LD_RUNPATH_SEARCH_PATHS = "$(inherited) @executable_path/Frameworks";
				PRODUCT_NAME = "$(TARGET_NAME)";
			};
			name = Release;
		};
		14F290E11A1A547700B8D615 /* Debug */ = {
			isa = XCBuildConfiguration;
			buildSettings = {
				BUNDLE_LOADER = "$(TEST_HOST)";
				FRAMEWORK_SEARCH_PATHS = (
					"$(SDKROOT)/Developer/Library/Frameworks",
					"$(inherited)",
				);
				GCC_PREPROCESSOR_DEFINITIONS = (
					"DEBUG=1",
					"$(inherited)",
				);
				INFOPLIST_FILE = SignUpExampleTests/Info.plist;
				LD_RUNPATH_SEARCH_PATHS = "$(inherited) @executable_path/Frameworks @loader_path/Frameworks";
				PRODUCT_NAME = "$(TARGET_NAME)";
				TEST_HOST = "$(BUILT_PRODUCTS_DIR)/SignUpExample.app/SignUpExample";
			};
			name = Debug;
		};
		14F290E21A1A547700B8D615 /* Release */ = {
			isa = XCBuildConfiguration;
			buildSettings = {
				BUNDLE_LOADER = "$(TEST_HOST)";
				FRAMEWORK_SEARCH_PATHS = (
					"$(SDKROOT)/Developer/Library/Frameworks",
					"$(inherited)",
				);
				INFOPLIST_FILE = SignUpExampleTests/Info.plist;
				LD_RUNPATH_SEARCH_PATHS = "$(inherited) @executable_path/Frameworks @loader_path/Frameworks";
				PRODUCT_NAME = "$(TARGET_NAME)";
				TEST_HOST = "$(BUILT_PRODUCTS_DIR)/SignUpExample.app/SignUpExample";
			};
			name = Release;
		};
/* End XCBuildConfiguration section */

/* Begin XCConfigurationList section */
		14F290B51A1A547600B8D615 /* Build configuration list for PBXProject "SignUpExample" */ = {
			isa = XCConfigurationList;
			buildConfigurations = (
				14F290DB1A1A547700B8D615 /* Debug */,
				14F290DC1A1A547700B8D615 /* Release */,
			);
			defaultConfigurationIsVisible = 0;
			defaultConfigurationName = Release;
		};
		14F290DD1A1A547700B8D615 /* Build configuration list for PBXNativeTarget "SignUpExample" */ = {
			isa = XCConfigurationList;
			buildConfigurations = (
				14F290DE1A1A547700B8D615 /* Debug */,
				14F290DF1A1A547700B8D615 /* Release */,
			);
			defaultConfigurationIsVisible = 0;
		};
		14F290E01A1A547700B8D615 /* Build configuration list for PBXNativeTarget "SignUpExampleTests" */ = {
			isa = XCConfigurationList;
			buildConfigurations = (
				14F290E11A1A547700B8D615 /* Debug */,
				14F290E21A1A547700B8D615 /* Release */,
			);
			defaultConfigurationIsVisible = 0;
		};
/* End XCConfigurationList section */
	};
	rootObject = 14F290B21A1A547600B8D615 /* Project object */;
}
